// !$*UTF8*$!
{
	archiveVersion = 1;
	classes = {
	};
	objectVersion = 46;
	objects = {

/* Begin PBXBuildFile section */
		8A5D0C3A1F3B30D6004A47D5 /* AppDelegate.swift in Sources */ = {isa = PBXBuildFile; fileRef = 8A5D0C391F3B30D6004A47D5 /* AppDelegate.swift */; };
		8A5D0C3F1F3B30D6004A47D5 /* Main.storyboard in Resources */ = {isa = PBXBuildFile; fileRef = 8A5D0C3D1F3B30D6004A47D5 /* Main.storyboard */; };
		8A5D0C411F3B30D6004A47D5 /* Assets.xcassets in Resources */ = {isa = PBXBuildFile; fileRef = 8A5D0C401F3B30D6004A47D5 /* Assets.xcassets */; };
		8A5D0C441F3B30D6004A47D5 /* LaunchScreen.storyboard in Resources */ = {isa = PBXBuildFile; fileRef = 8A5D0C421F3B30D6004A47D5 /* LaunchScreen.storyboard */; };
		8A5D0C4D1F3B31FE004A47D5 /* RecipesViewController.swift in Sources */ = {isa = PBXBuildFile; fileRef = 8A5D0C4C1F3B31FE004A47D5 /* RecipesViewController.swift */; };
		8A5D0C501F3B41E1004A47D5 /* Recipe.swift in Sources */ = {isa = PBXBuildFile; fileRef = 8A5D0C4F1F3B41E1004A47D5 /* Recipe.swift */; };
		8A5D0C521F3B518A004A47D5 /* RecipeInteractor.swift in Sources */ = {isa = PBXBuildFile; fileRef = 8A5D0C511F3B518A004A47D5 /* RecipeInteractor.swift */; };
		9727B299D0896DA59F37C8CB /* Pods_RecipeFinder.framework in Frameworks */ = {isa = PBXBuildFile; fileRef = 5652A8DFD0D857853E26AA1E /* Pods_RecipeFinder.framework */; };
/* End PBXBuildFile section */

/* Begin PBXFileReference section */
		0C82A2D585FFBA8705CEA098 /* Pods-RecipeFinder.release.xcconfig */ = {isa = PBXFileReference; includeInIndex = 1; lastKnownFileType = text.xcconfig; name = "Pods-RecipeFinder.release.xcconfig"; path = "Pods/Target Support Files/Pods-RecipeFinder/Pods-RecipeFinder.release.xcconfig"; sourceTree = "<group>"; };
		5652A8DFD0D857853E26AA1E /* Pods_RecipeFinder.framework */ = {isa = PBXFileReference; explicitFileType = wrapper.framework; includeInIndex = 0; path = Pods_RecipeFinder.framework; sourceTree = BUILT_PRODUCTS_DIR; };
		8A5D0C361F3B30D6004A47D5 /* RecipeFinder.app */ = {isa = PBXFileReference; explicitFileType = wrapper.application; includeInIndex = 0; path = RecipeFinder.app; sourceTree = BUILT_PRODUCTS_DIR; };
		8A5D0C391F3B30D6004A47D5 /* AppDelegate.swift */ = {isa = PBXFileReference; lastKnownFileType = sourcecode.swift; path = AppDelegate.swift; sourceTree = "<group>"; };
		8A5D0C3E1F3B30D6004A47D5 /* Base */ = {isa = PBXFileReference; lastKnownFileType = file.storyboard; name = Base; path = Base.lproj/Main.storyboard; sourceTree = "<group>"; };
		8A5D0C401F3B30D6004A47D5 /* Assets.xcassets */ = {isa = PBXFileReference; lastKnownFileType = folder.assetcatalog; path = Assets.xcassets; sourceTree = "<group>"; };
		8A5D0C431F3B30D6004A47D5 /* Base */ = {isa = PBXFileReference; lastKnownFileType = file.storyboard; name = Base; path = Base.lproj/LaunchScreen.storyboard; sourceTree = "<group>"; };
		8A5D0C451F3B30D6004A47D5 /* Info.plist */ = {isa = PBXFileReference; lastKnownFileType = text.plist.xml; path = Info.plist; sourceTree = "<group>"; };
		8A5D0C4C1F3B31FE004A47D5 /* RecipesViewController.swift */ = {isa = PBXFileReference; fileEncoding = 4; lastKnownFileType = sourcecode.swift; name = RecipesViewController.swift; path = Controllers/RecipesViewController.swift; sourceTree = "<group>"; };
		8A5D0C4F1F3B41E1004A47D5 /* Recipe.swift */ = {isa = PBXFileReference; fileEncoding = 4; lastKnownFileType = sourcecode.swift; name = Recipe.swift; path = Models/Recipe.swift; sourceTree = "<group>"; };
		8A5D0C511F3B518A004A47D5 /* RecipeInteractor.swift */ = {isa = PBXFileReference; fileEncoding = 4; lastKnownFileType = sourcecode.swift; path = RecipeInteractor.swift; sourceTree = "<group>"; };
		CCBAD27DBA5216A94BD603B2 /* Pods-RecipeFinder.debug.xcconfig */ = {isa = PBXFileReference; includeInIndex = 1; lastKnownFileType = text.xcconfig; name = "Pods-RecipeFinder.debug.xcconfig"; path = "Pods/Target Support Files/Pods-RecipeFinder/Pods-RecipeFinder.debug.xcconfig"; sourceTree = "<group>"; };
/* End PBXFileReference section */

/* Begin PBXFrameworksBuildPhase section */
		8A5D0C331F3B30D6004A47D5 /* Frameworks */ = {
			isa = PBXFrameworksBuildPhase;
			buildActionMask = 2147483647;
			files = (
				9727B299D0896DA59F37C8CB /* Pods_RecipeFinder.framework in Frameworks */,
			);
			runOnlyForDeploymentPostprocessing = 0;
		};
/* End PBXFrameworksBuildPhase section */

/* Begin PBXGroup section */
		70FA750F4E99258CC866C651 /* Pods */ = {
			isa = PBXGroup;
			children = (
				CCBAD27DBA5216A94BD603B2 /* Pods-RecipeFinder.debug.xcconfig */,
				0C82A2D585FFBA8705CEA098 /* Pods-RecipeFinder.release.xcconfig */,
			);
			name = Pods;
			sourceTree = "<group>";
		};
		8A5D0C2D1F3B30D6004A47D5 = {
			isa = PBXGroup;
			children = (
				8A5D0C381F3B30D6004A47D5 /* RecipeFinder */,
				8A5D0C371F3B30D6004A47D5 /* Products */,
				70FA750F4E99258CC866C651 /* Pods */,
				9EC0C094BF25FA9592C2B7A7 /* Frameworks */,
			);
			sourceTree = "<group>";
		};
		8A5D0C371F3B30D6004A47D5 /* Products */ = {
			isa = PBXGroup;
			children = (
				8A5D0C361F3B30D6004A47D5 /* RecipeFinder.app */,
			);
			name = Products;
			sourceTree = "<group>";
		};
		8A5D0C381F3B30D6004A47D5 /* RecipeFinder */ = {
			isa = PBXGroup;
			children = (
				8A5D0C511F3B518A004A47D5 /* RecipeInteractor.swift */,
				8A5D0C4B1F3B31D4004A47D5 /* Controllers */,
				8A5D0C4E1F3B41BB004A47D5 /* Models */,
				8A5D0C391F3B30D6004A47D5 /* AppDelegate.swift */,
				8A5D0C3D1F3B30D6004A47D5 /* Main.storyboard */,
				8A5D0C401F3B30D6004A47D5 /* Assets.xcassets */,
				8A5D0C421F3B30D6004A47D5 /* LaunchScreen.storyboard */,
				8A5D0C451F3B30D6004A47D5 /* Info.plist */,
			);
			path = RecipeFinder;
			sourceTree = "<group>";
		};
		8A5D0C4B1F3B31D4004A47D5 /* Controllers */ = {
			isa = PBXGroup;
			children = (
				8A5D0C4C1F3B31FE004A47D5 /* RecipesViewController.swift */,
			);
			name = Controllers;
			sourceTree = "<group>";
		};
		8A5D0C4E1F3B41BB004A47D5 /* Models */ = {
			isa = PBXGroup;
			children = (
				8A5D0C4F1F3B41E1004A47D5 /* Recipe.swift */,
			);
			name = Models;
			sourceTree = "<group>";
		};
		9EC0C094BF25FA9592C2B7A7 /* Frameworks */ = {
			isa = PBXGroup;
			children = (
				5652A8DFD0D857853E26AA1E /* Pods_RecipeFinder.framework */,
			);
			name = Frameworks;
			sourceTree = "<group>";
		};
/* End PBXGroup section */

/* Begin PBXNativeTarget section */
		8A5D0C351F3B30D6004A47D5 /* RecipeFinder */ = {
			isa = PBXNativeTarget;
			buildConfigurationList = 8A5D0C481F3B30D6004A47D5 /* Build configuration list for PBXNativeTarget "RecipeFinder" */;
			buildPhases = (
				BB18B2AF99CF78550B5EB948 /* [CP] Check Pods Manifest.lock */,
				8A5D0C321F3B30D6004A47D5 /* Sources */,
				8A5D0C331F3B30D6004A47D5 /* Frameworks */,
				8A5D0C341F3B30D6004A47D5 /* Resources */,
				12D4B7587BF0A469F10246C1 /* [CP] Embed Pods Frameworks */,
				8B4B8C61F3B2AFFA51141736 /* [CP] Copy Pods Resources */,
			);
			buildRules = (
			);
			dependencies = (
			);
			name = RecipeFinder;
			productName = RecipeFinder;
			productReference = 8A5D0C361F3B30D6004A47D5 /* RecipeFinder.app */;
			productType = "com.apple.product-type.application";
		};
/* End PBXNativeTarget section */

/* Begin PBXProject section */
		8A5D0C2E1F3B30D6004A47D5 /* Project object */ = {
			isa = PBXProject;
			attributes = {
				LastSwiftUpdateCheck = 0830;
				LastUpgradeCheck = 0830;
				ORGANIZATIONNAME = ke.ma;
				TargetAttributes = {
					8A5D0C351F3B30D6004A47D5 = {
						CreatedOnToolsVersion = 8.3.1;
						DevelopmentTeam = EHMFT6UYLC;
						ProvisioningStyle = Automatic;
					};
				};
			};
			buildConfigurationList = 8A5D0C311F3B30D6004A47D5 /* Build configuration list for PBXProject "RecipeFinder" */;
			compatibilityVersion = "Xcode 3.2";
			developmentRegion = English;
			hasScannedForEncodings = 0;
			knownRegions = (
				en,
				Base,
			);
			mainGroup = 8A5D0C2D1F3B30D6004A47D5;
			productRefGroup = 8A5D0C371F3B30D6004A47D5 /* Products */;
			projectDirPath = "";
			projectRoot = "";
			targets = (
				8A5D0C351F3B30D6004A47D5 /* RecipeFinder */,
			);
		};
/* End PBXProject section */

/* Begin PBXResourcesBuildPhase section */
		8A5D0C341F3B30D6004A47D5 /* Resources */ = {
			isa = PBXResourcesBuildPhase;
			buildActionMask = 2147483647;
			files = (
				8A5D0C441F3B30D6004A47D5 /* LaunchScreen.storyboard in Resources */,
				8A5D0C411F3B30D6004A47D5 /* Assets.xcassets in Resources */,
				8A5D0C3F1F3B30D6004A47D5 /* Main.storyboard in Resources */,
			);
			runOnlyForDeploymentPostprocessing = 0;
		};
/* End PBXResourcesBuildPhase section */

/* Begin PBXShellScriptBuildPhase section */
		12D4B7587BF0A469F10246C1 /* [CP] Embed Pods Frameworks */ = {
			isa = PBXShellScriptBuildPhase;
			buildActionMask = 2147483647;
			files = (
			);
			inputPaths = (
			);
			name = "[CP] Embed Pods Frameworks";
			outputPaths = (
			);
			runOnlyForDeploymentPostprocessing = 0;
			shellPath = /bin/sh;
			shellScript = "\"${SRCROOT}/Pods/Target Support Files/Pods-RecipeFinder/Pods-RecipeFinder-frameworks.sh\"\n";
			showEnvVarsInLog = 0;
		};
		8B4B8C61F3B2AFFA51141736 /* [CP] Copy Pods Resources */ = {
			isa = PBXShellScriptBuildPhase;
			buildActionMask = 2147483647;
			files = (
			);
			inputPaths = (
			);
			name = "[CP] Copy Pods Resources";
			outputPaths = (
			);
			runOnlyForDeploymentPostprocessing = 0;
			shellPath = /bin/sh;
			shellScript = "\"${SRCROOT}/Pods/Target Support Files/Pods-RecipeFinder/Pods-RecipeFinder-resources.sh\"\n";
			showEnvVarsInLog = 0;
		};
		BB18B2AF99CF78550B5EB948 /* [CP] Check Pods Manifest.lock */ = {
			isa = PBXShellScriptBuildPhase;
			buildActionMask = 2147483647;
			files = (
			);
			inputPaths = (
			);
			name = "[CP] Check Pods Manifest.lock";
			outputPaths = (
			);
			runOnlyForDeploymentPostprocessing = 0;
			shellPath = /bin/sh;
			shellScript = "diff \"${PODS_ROOT}/../Podfile.lock\" \"${PODS_ROOT}/Manifest.lock\" > /dev/null\nif [ $? != 0 ] ; then\n    # print error to STDERR\n    echo \"error: The sandbox is not in sync with the Podfile.lock. Run 'pod install' or update your CocoaPods installation.\" >&2\n    exit 1\nfi\n";
			showEnvVarsInLog = 0;
		};
/* End PBXShellScriptBuildPhase section */

/* Begin PBXSourcesBuildPhase section */
		8A5D0C321F3B30D6004A47D5 /* Sources */ = {
			isa = PBXSourcesBuildPhase;
			buildActionMask = 2147483647;
			files = (
				8A5D0C521F3B518A004A47D5 /* RecipeInteractor.swift in Sources */,
				8A5D0C501F3B41E1004A47D5 /* Recipe.swift in Sources */,
				8A5D0C4D1F3B31FE004A47D5 /* RecipesViewController.swift in Sources */,
				8A5D0C3A1F3B30D6004A47D5 /* AppDelegate.swift in Sources */,
			);
			runOnlyForDeploymentPostprocessing = 0;
		};
/* End PBXSourcesBuildPhase section */

/* Begin PBXVariantGroup section */
		8A5D0C3D1F3B30D6004A47D5 /* Main.storyboard */ = {
			isa = PBXVariantGroup;
			children = (
				8A5D0C3E1F3B30D6004A47D5 /* Base */,
			);
			name = Main.storyboard;
			sourceTree = "<group>";
		};
		8A5D0C421F3B30D6004A47D5 /* LaunchScreen.storyboard */ = {
			isa = PBXVariantGroup;
			children = (
				8A5D0C431F3B30D6004A47D5 /* Base */,
			);
			name = LaunchScreen.storyboard;
			sourceTree = "<group>";
		};
/* End PBXVariantGroup section */

/* Begin XCBuildConfiguration section */
		8A5D0C461F3B30D6004A47D5 /* Debug */ = {
			isa = XCBuildConfiguration;
			buildSettings = {
				ALWAYS_SEARCH_USER_PATHS = NO;
				CLANG_ANALYZER_NONNULL = YES;
				CLANG_ANALYZER_NUMBER_OBJECT_CONVERSION = YES_AGGRESSIVE;
				CLANG_CXX_LANGUAGE_STANDARD = "gnu++0x";
				CLANG_CXX_LIBRARY = "libc++";
				CLANG_ENABLE_MODULES = YES;
				CLANG_ENABLE_OBJC_ARC = YES;
				CLANG_WARN_BOOL_CONVERSION = YES;
				CLANG_WARN_CONSTANT_CONVERSION = YES;
				CLANG_WARN_DIRECT_OBJC_ISA_USAGE = YES_ERROR;
				CLANG_WARN_DOCUMENTATION_COMMENTS = YES;
				CLANG_WARN_EMPTY_BODY = YES;
				CLANG_WARN_ENUM_CONVERSION = YES;
				CLANG_WARN_INFINITE_RECURSION = YES;
				CLANG_WARN_INT_CONVERSION = YES;
				CLANG_WARN_OBJC_ROOT_CLASS = YES_ERROR;
				CLANG_WARN_SUSPICIOUS_MOVE = YES;
				CLANG_WARN_UNREACHABLE_CODE = YES;
				CLANG_WARN__DUPLICATE_METHOD_MATCH = YES;
				"CODE_SIGN_IDENTITY[sdk=iphoneos*]" = "iPhone Developer";
				COPY_PHASE_STRIP = NO;
				DEBUG_INFORMATION_FORMAT = dwarf;
				ENABLE_STRICT_OBJC_MSGSEND = YES;
				ENABLE_TESTABILITY = YES;
				GCC_C_LANGUAGE_STANDARD = gnu99;
				GCC_DYNAMIC_NO_PIC = NO;
				GCC_NO_COMMON_BLOCKS = YES;
				GCC_OPTIMIZATION_LEVEL = 0;
				GCC_PREPROCESSOR_DEFINITIONS = (
					"DEBUG=1",
					"$(inherited)",
				);
				GCC_WARN_64_TO_32_BIT_CONVERSION = YES;
				GCC_WARN_ABOUT_RETURN_TYPE = YES_ERROR;
				GCC_WARN_UNDECLARED_SELECTOR = YES;
				GCC_WARN_UNINITIALIZED_AUTOS = YES_AGGRESSIVE;
				GCC_WARN_UNUSED_FUNCTION = YES;
				GCC_WARN_UNUSED_VARIABLE = YES;
				IPHONEOS_DEPLOYMENT_TARGET = 10.3;
				MTL_ENABLE_DEBUG_INFO = YES;
				ONLY_ACTIVE_ARCH = YES;
				SDKROOT = iphoneos;
				SWIFT_ACTIVE_COMPILATION_CONDITIONS = DEBUG;
				SWIFT_OPTIMIZATION_LEVEL = "-Onone";
				TARGETED_DEVICE_FAMILY = "1,2";
			};
			name = Debug;
		};
		8A5D0C471F3B30D6004A47D5 /* Release */ = {
			isa = XCBuildConfiguration;
			buildSettings = {
				ALWAYS_SEARCH_USER_PATHS = NO;
				CLANG_ANALYZER_NONNULL = YES;
				CLANG_ANALYZER_NUMBER_OBJECT_CONVERSION = YES_AGGRESSIVE;
				CLANG_CXX_LANGUAGE_STANDARD = "gnu++0x";
				CLANG_CXX_LIBRARY = "libc++";
				CLANG_ENABLE_MODULES = YES;
				CLANG_ENABLE_OBJC_ARC = YES;
				CLANG_WARN_BOOL_CONVERSION = YES;
				CLANG_WARN_CONSTANT_CONVERSION = YES;
				CLANG_WARN_DIRECT_OBJC_ISA_USAGE = YES_ERROR;
				CLANG_WARN_DOCUMENTATION_COMMENTS = YES;
				CLANG_WARN_EMPTY_BODY = YES;
				CLANG_WARN_ENUM_CONVERSION = YES;
				CLANG_WARN_INFINITE_RECURSION = YES;
				CLANG_WARN_INT_CONVERSION = YES;
				CLANG_WARN_OBJC_ROOT_CLASS = YES_ERROR;
				CLANG_WARN_SUSPICIOUS_MOVE = YES;
				CLANG_WARN_UNREACHABLE_CODE = YES;
				CLANG_WARN__DUPLICATE_METHOD_MATCH = YES;
				"CODE_SIGN_IDENTITY[sdk=iphoneos*]" = "iPhone Developer";
				COPY_PHASE_STRIP = NO;
				DEBUG_INFORMATION_FORMAT = "dwarf-with-dsym";
				ENABLE_NS_ASSERTIONS = NO;
				ENABLE_STRICT_OBJC_MSGSEND = YES;
				GCC_C_LANGUAGE_STANDARD = gnu99;
				GCC_NO_COMMON_BLOCKS = YES;
				GCC_WARN_64_TO_32_BIT_CONVERSION = YES;
				GCC_WARN_ABOUT_RETURN_TYPE = YES_ERROR;
				GCC_WARN_UNDECLARED_SELECTOR = YES;
				GCC_WARN_UNINITIALIZED_AUTOS = YES_AGGRESSIVE;
				GCC_WARN_UNUSED_FUNCTION = YES;
				GCC_WARN_UNUSED_VARIABLE = YES;
				IPHONEOS_DEPLOYMENT_TARGET = 10.3;
				MTL_ENABLE_DEBUG_INFO = NO;
				SDKROOT = iphoneos;
				SWIFT_OPTIMIZATION_LEVEL = "-Owholemodule";
				TARGETED_DEVICE_FAMILY = "1,2";
				VALIDATE_PRODUCT = YES;
			};
			name = Release;
		};
		8A5D0C491F3B30D6004A47D5 /* Debug */ = {
			isa = XCBuildConfiguration;
			baseConfigurationReference = CCBAD27DBA5216A94BD603B2 /* Pods-RecipeFinder.debug.xcconfig */;
			buildSettings = {
				ASSETCATALOG_COMPILER_APPICON_NAME = AppIcon;
				DEVELOPMENT_TEAM = EHMFT6UYLC;
				INFOPLIST_FILE = RecipeFinder/Info.plist;
				LD_RUNPATH_SEARCH_PATHS = "$(inherited) @executable_path/Frameworks";
				PRODUCT_BUNDLE_IDENTIFIER = ke.ma.RecipeFinder;
				PRODUCT_NAME = "$(TARGET_NAME)";
				SWIFT_VERSION = 3.0;
			};
			name = Debug;
		};
		8A5D0C4A1F3B30D6004A47D5 /* Release */ = {
			isa = XCBuildConfiguration;
			baseConfigurationReference = 0C82A2D585FFBA8705CEA098 /* Pods-RecipeFinder.release.xcconfig */;
			buildSettings = {
				ASSETCATALOG_COMPILER_APPICON_NAME = AppIcon;
				DEVELOPMENT_TEAM = EHMFT6UYLC;
				INFOPLIST_FILE = RecipeFinder/Info.plist;
				LD_RUNPATH_SEARCH_PATHS = "$(inherited) @executable_path/Frameworks";
				PRODUCT_BUNDLE_IDENTIFIER = ke.ma.RecipeFinder;
				PRODUCT_NAME = "$(TARGET_NAME)";
				SWIFT_VERSION = 3.0;
			};
			name = Release;
		};
/* End XCBuildConfiguration section */

/* Begin XCConfigurationList section */
		8A5D0C311F3B30D6004A47D5 /* Build configuration list for PBXProject "RecipeFinder" */ = {
			isa = XCConfigurationList;
			buildConfigurations = (
				8A5D0C461F3B30D6004A47D5 /* Debug */,
				8A5D0C471F3B30D6004A47D5 /* Release */,
			);
			defaultConfigurationIsVisible = 0;
			defaultConfigurationName = Release;
		};
		8A5D0C481F3B30D6004A47D5 /* Build configuration list for PBXNativeTarget "RecipeFinder" */ = {
			isa = XCConfigurationList;
			buildConfigurations = (
				8A5D0C491F3B30D6004A47D5 /* Debug */,
				8A5D0C4A1F3B30D6004A47D5 /* Release */,
			);
			defaultConfigurationIsVisible = 0;
			defaultConfigurationName = Release;
		};
/* End XCConfigurationList section */
	};
	rootObject = 8A5D0C2E1F3B30D6004A47D5 /* Project object */;
}
